
Microsoft Visual Studio Solution File, Format Version 12.00
# Visual Studio Version 17
VisualStudioVersion = 17.12.35527.113
MinimumVisualStudioVersion = 10.0.40219.1
Project("{FAE04EC0-301F-11D3-BF4B-00C04F79EFBC}") = "MAUI_Projects", "MAUI_Projects\MAUI_Projects.csproj", "{32EBC838-D9A7-46E2-B490-2527070EF720}"
EndProject
Project("{2150E333-8FDC-42A3-9474-1A3956D46DE8}") = "Solução_1", "Solução_1", "{94D23800-BD6A-4F01-90CA-515607C28B99}"
EndProject
Project("{2150E333-8FDC-42A3-9474-1A3956D46DE8}") = "Solução_2", "Solução_2", "{BA92E89C-4D73-4C99-939F-D2ACAE16624D}"
EndProject
Project("{FAE04EC0-301F-11D3-BF4B-00C04F79EFBC}") = "AppContentPage", "AppContentPage\AppContentPage.csproj", "{7A378D7E-0C44-4D6E-A2DE-8E61DD208891}"
EndProject
Project("{FAE04EC0-301F-11D3-BF4B-00C04F79EFBC}") = "AppFlyoutPage", "AppFlyoutPage\AppFlyoutPage.csproj", "{6853CB38-6D95-498E-9A3C-155FB5CF4157}"
EndProject
Project("{FAE04EC0-301F-11D3-BF4B-00C04F79EFBC}") = "AppTabbedPage", "AppTabbedPage\AppTabbedPage.csproj", "{B19CE6FE-2D91-4F08-9D74-842709499CD6}"
EndProject
Project("{2150E333-8FDC-42A3-9474-1A3956D46DE8}") = "Solução_3", "Solução_3", "{831735F1-67AA-4B02-80F2-A87C881F3F96}"
EndProject
Project("{FAE04EC0-301F-11D3-BF4B-00C04F79EFBC}") = "AppMAUIGallery", "AppMAUIGallery\AppMAUIGallery.csproj", "{7E7C4236-7BDA-470C-A306-003364E767E2}"
EndProject
Project("{2150E333-8FDC-42A3-9474-1A3956D46DE8}") = "Solução_4", "Solução_4", "{E37C5E54-2625-471A-8DFA-E0C7889D3CC2}"
EndProject
Project("{FAE04EC0-301F-11D3-BF4B-00C04F79EFBC}") = "AppJogoForca", "AppJogoForca\AppJogoForca.csproj", "{A332B48A-07CA-48C0-A9B7-7689FDDE1D62}"
EndProject
Project("{2150E333-8FDC-42A3-9474-1A3956D46DE8}") = "Soluçâo_5", "Soluçâo_5", "{02EA681E-C7D8-13C7-8484-4AC65E1B71E8}"
EndProject
Project("{FAE04EC0-301F-11D3-BF4B-00C04F79EFBC}") = "AppTask", "AppTask\AppTask.csproj", "{28F2950A-57EF-43D9-9F97-C3117E18AD6A}"
EndProject
Project("{FAE04EC0-301F-11D3-BF4B-00C04F79EFBC}") = "AppTask.Models", "AppTask.Models\AppTask.Models.csproj", "{60BC15C6-6396-4800-B6C6-D0021EAC8309}"
EndProject
Project("{FAE04EC0-301F-11D3-BF4B-00C04F79EFBC}") = "AppTask.Database", "AppTask.Database\AppTask.Database.csproj", "{0207D4C0-FBFC-4C99-8DF1-CB657BF3E7C9}"
EndProject
Project("{FAE04EC0-301F-11D3-BF4B-00C04F79EFBC}") = "AppTask.Database.Migration.Runtime", "AppTask.Database.Migration.Runtime\AppTask.Database.Migration.Runtime.csproj", "{98244DF5-1A0D-49E8-8970-7D20867F3077}"
EndProject
Project("{2150E333-8FDC-42A3-9474-1A3956D46DE8}") = "Utils", "Utils", "{B802576E-18CB-41FA-AB36-F1A7A1762555}"
EndProject
Project("{2150E333-8FDC-42A3-9474-1A3956D46DE8}") = "Solução_6", "Solução_6", "{132C73AA-91FB-47BF-8A36-8C904936AB10}"
EndProject
Project("{FAE04EC0-301F-11D3-BF4B-00C04F79EFBC}") = "AppMVVM", "AppMVVM\AppMVVM.csproj", "{F5CAAB07-3562-4795-BABF-06BF4CFA2145}"
EndProject
Project("{FAE04EC0-301F-11D3-BF4B-00C04F79EFBC}") = "AppMVVMCommunityToolKit", "AppMVVMCommunityToolKit\AppMVVMCommunityToolKit.csproj", "{C8C5C346-2940-4108-B0FB-211EEE67C277}"
EndProject
Project("{2150E333-8FDC-42A3-9474-1A3956D46DE8}") = "Solução_7", "Solução_7", "{1B6FF04A-78E3-4F8D-BEC0-69C96456572F}"
EndProject
Project("{FAE04EC0-301F-11D3-BF4B-00C04F79EFBC}") = "AppShoppingCenter", "AppShoppingCenter\AppShoppingCenter.csproj", "{DC56D329-88C5-42AB-B590-8F7AC1AE774E}"
EndProject
Project("{FAE04EC0-301F-11D3-BF4B-00C04F79EFBC}") = "AppShoppingCenter.Models", "AppShoppingCenter.Models\AppShoppingCenter.Models.csproj", "{1C0AB465-5B48-4760-875C-5724E809AB26}"
EndProject
Project("{FAE04EC0-301F-11D3-BF4B-00C04F79EFBC}") = "AppTask.API", "AppTask.API\AppTask.API.csproj", "{1D6CF9D2-8960-4DE7-8B82-879C659C70DA}"
EndProject
Global
	GlobalSection(SolutionConfigurationPlatforms) = preSolution
		Debug|Any CPU = Debug|Any CPU
		Release|Any CPU = Release|Any CPU
	EndGlobalSection
	GlobalSection(ProjectConfigurationPlatforms) = postSolution
		{32EBC838-D9A7-46E2-B490-2527070EF720}.Debug|Any CPU.ActiveCfg = Debug|Any CPU
		{32EBC838-D9A7-46E2-B490-2527070EF720}.Debug|Any CPU.Build.0 = Debug|Any CPU
		{32EBC838-D9A7-46E2-B490-2527070EF720}.Debug|Any CPU.Deploy.0 = Debug|Any CPU
		{32EBC838-D9A7-46E2-B490-2527070EF720}.Release|Any CPU.ActiveCfg = Release|Any CPU
		{32EBC838-D9A7-46E2-B490-2527070EF720}.Release|Any CPU.Build.0 = Release|Any CPU
		{7A378D7E-0C44-4D6E-A2DE-8E61DD208891}.Debug|Any CPU.ActiveCfg = Debug|Any CPU
		{7A378D7E-0C44-4D6E-A2DE-8E61DD208891}.Debug|Any CPU.Build.0 = Debug|Any CPU
		{7A378D7E-0C44-4D6E-A2DE-8E61DD208891}.Debug|Any CPU.Deploy.0 = Debug|Any CPU
		{7A378D7E-0C44-4D6E-A2DE-8E61DD208891}.Release|Any CPU.ActiveCfg = Release|Any CPU
		{7A378D7E-0C44-4D6E-A2DE-8E61DD208891}.Release|Any CPU.Build.0 = Release|Any CPU
		{6853CB38-6D95-498E-9A3C-155FB5CF4157}.Debug|Any CPU.ActiveCfg = Debug|Any CPU
		{6853CB38-6D95-498E-9A3C-155FB5CF4157}.Debug|Any CPU.Build.0 = Debug|Any CPU
		{6853CB38-6D95-498E-9A3C-155FB5CF4157}.Debug|Any CPU.Deploy.0 = Debug|Any CPU
		{6853CB38-6D95-498E-9A3C-155FB5CF4157}.Release|Any CPU.ActiveCfg = Release|Any CPU
		{6853CB38-6D95-498E-9A3C-155FB5CF4157}.Release|Any CPU.Build.0 = Release|Any CPU
		{B19CE6FE-2D91-4F08-9D74-842709499CD6}.Debug|Any CPU.ActiveCfg = Debug|Any CPU
		{B19CE6FE-2D91-4F08-9D74-842709499CD6}.Debug|Any CPU.Build.0 = Debug|Any CPU
		{B19CE6FE-2D91-4F08-9D74-842709499CD6}.Debug|Any CPU.Deploy.0 = Debug|Any CPU
		{B19CE6FE-2D91-4F08-9D74-842709499CD6}.Release|Any CPU.ActiveCfg = Release|Any CPU
		{B19CE6FE-2D91-4F08-9D74-842709499CD6}.Release|Any CPU.Build.0 = Release|Any CPU
		{7E7C4236-7BDA-470C-A306-003364E767E2}.Debug|Any CPU.ActiveCfg = Debug|Any CPU
		{7E7C4236-7BDA-470C-A306-003364E767E2}.Debug|Any CPU.Build.0 = Debug|Any CPU
		{7E7C4236-7BDA-470C-A306-003364E767E2}.Debug|Any CPU.Deploy.0 = Debug|Any CPU
		{7E7C4236-7BDA-470C-A306-003364E767E2}.Release|Any CPU.ActiveCfg = Release|Any CPU
		{7E7C4236-7BDA-470C-A306-003364E767E2}.Release|Any CPU.Build.0 = Release|Any CPU
		{A332B48A-07CA-48C0-A9B7-7689FDDE1D62}.Debug|Any CPU.ActiveCfg = Debug|Any CPU
		{A332B48A-07CA-48C0-A9B7-7689FDDE1D62}.Debug|Any CPU.Build.0 = Debug|Any CPU
		{A332B48A-07CA-48C0-A9B7-7689FDDE1D62}.Release|Any CPU.ActiveCfg = Release|Any CPU
		{A332B48A-07CA-48C0-A9B7-7689FDDE1D62}.Release|Any CPU.Build.0 = Release|Any CPU
		{28F2950A-57EF-43D9-9F97-C3117E18AD6A}.Debug|Any CPU.ActiveCfg = Debug|Any CPU
		{28F2950A-57EF-43D9-9F97-C3117E18AD6A}.Debug|Any CPU.Build.0 = Debug|Any CPU
		{28F2950A-57EF-43D9-9F97-C3117E18AD6A}.Debug|Any CPU.Deploy.0 = Debug|Any CPU
		{28F2950A-57EF-43D9-9F97-C3117E18AD6A}.Release|Any CPU.ActiveCfg = Release|Any CPU
		{28F2950A-57EF-43D9-9F97-C3117E18AD6A}.Release|Any CPU.Build.0 = Release|Any CPU
		{60BC15C6-6396-4800-B6C6-D0021EAC8309}.Debug|Any CPU.ActiveCfg = Debug|Any CPU
		{60BC15C6-6396-4800-B6C6-D0021EAC8309}.Debug|Any CPU.Build.0 = Debug|Any CPU
		{60BC15C6-6396-4800-B6C6-D0021EAC8309}.Release|Any CPU.ActiveCfg = Release|Any CPU
		{60BC15C6-6396-4800-B6C6-D0021EAC8309}.Release|Any CPU.Build.0 = Release|Any CPU
		{0207D4C0-FBFC-4C99-8DF1-CB657BF3E7C9}.Debug|Any CPU.ActiveCfg = Debug|Any CPU
		{0207D4C0-FBFC-4C99-8DF1-CB657BF3E7C9}.Debug|Any CPU.Build.0 = Debug|Any CPU
		{0207D4C0-FBFC-4C99-8DF1-CB657BF3E7C9}.Release|Any CPU.ActiveCfg = Release|Any CPU
		{0207D4C0-FBFC-4C99-8DF1-CB657BF3E7C9}.Release|Any CPU.Build.0 = Release|Any CPU
		{98244DF5-1A0D-49E8-8970-7D20867F3077}.Debug|Any CPU.ActiveCfg = Debug|Any CPU
		{98244DF5-1A0D-49E8-8970-7D20867F3077}.Debug|Any CPU.Build.0 = Debug|Any CPU
		{98244DF5-1A0D-49E8-8970-7D20867F3077}.Release|Any CPU.ActiveCfg = Release|Any CPU
		{98244DF5-1A0D-49E8-8970-7D20867F3077}.Release|Any CPU.Build.0 = Release|Any CPU
		{F5CAAB07-3562-4795-BABF-06BF4CFA2145}.Debug|Any CPU.ActiveCfg = Debug|Any CPU
		{F5CAAB07-3562-4795-BABF-06BF4CFA2145}.Debug|Any CPU.Build.0 = Debug|Any CPU
		{F5CAAB07-3562-4795-BABF-06BF4CFA2145}.Debug|Any CPU.Deploy.0 = Debug|Any CPU
		{F5CAAB07-3562-4795-BABF-06BF4CFA2145}.Release|Any CPU.ActiveCfg = Release|Any CPU
		{F5CAAB07-3562-4795-BABF-06BF4CFA2145}.Release|Any CPU.Build.0 = Release|Any CPU
		{F5CAAB07-3562-4795-BABF-06BF4CFA2145}.Release|Any CPU.Deploy.0 = Release|Any CPU
		{C8C5C346-2940-4108-B0FB-211EEE67C277}.Debug|Any CPU.ActiveCfg = Debug|Any CPU
		{C8C5C346-2940-4108-B0FB-211EEE67C277}.Debug|Any CPU.Build.0 = Debug|Any CPU
		{C8C5C346-2940-4108-B0FB-211EEE67C277}.Debug|Any CPU.Deploy.0 = Debug|Any CPU
		{C8C5C346-2940-4108-B0FB-211EEE67C277}.Release|Any CPU.ActiveCfg = Release|Any CPU
		{C8C5C346-2940-4108-B0FB-211EEE67C277}.Release|Any CPU.Build.0 = Release|Any CPU
		{C8C5C346-2940-4108-B0FB-211EEE67C277}.Release|Any CPU.Deploy.0 = Release|Any CPU
		{DC56D329-88C5-42AB-B590-8F7AC1AE774E}.Debug|Any CPU.ActiveCfg = Debug|Any CPU
		{DC56D329-88C5-42AB-B590-8F7AC1AE774E}.Debug|Any CPU.Build.0 = Debug|Any CPU
		{DC56D329-88C5-42AB-B590-8F7AC1AE774E}.Debug|Any CPU.Deploy.0 = Debug|Any CPU
		{DC56D329-88C5-42AB-B590-8F7AC1AE774E}.Release|Any CPU.ActiveCfg = Release|Any CPU
		{DC56D329-88C5-42AB-B590-8F7AC1AE774E}.Release|Any CPU.Build.0 = Release|Any CPU
		{DC56D329-88C5-42AB-B590-8F7AC1AE774E}.Release|Any CPU.Deploy.0 = Release|Any CPU
		{1C0AB465-5B48-4760-875C-5724E809AB26}.Debug|Any CPU.ActiveCfg = Debug|Any CPU
		{1C0AB465-5B48-4760-875C-5724E809AB26}.Debug|Any CPU.Build.0 = Debug|Any CPU
		{1C0AB465-5B48-4760-875C-5724E809AB26}.Release|Any CPU.ActiveCfg = Release|Any CPU
		{1C0AB465-5B48-4760-875C-5724E809AB26}.Release|Any CPU.Build.0 = Release|Any CPU
		{1D6CF9D2-8960-4DE7-8B82-879C659C70DA}.Debug|Any CPU.ActiveCfg = Debug|Any CPU
		{1D6CF9D2-8960-4DE7-8B82-879C659C70DA}.Debug|Any CPU.Build.0 = Debug|Any CPU
		{1D6CF9D2-8960-4DE7-8B82-879C659C70DA}.Release|Any CPU.ActiveCfg = Release|Any CPU
		{1D6CF9D2-8960-4DE7-8B82-879C659C70DA}.Release|Any CPU.Build.0 = Release|Any CPU
	EndGlobalSection
	GlobalSection(SolutionProperties) = preSolution
		HideSolutionNode = FALSE
	EndGlobalSection
	GlobalSection(NestedProjects) = preSolution
		{32EBC838-D9A7-46E2-B490-2527070EF720} = {94D23800-BD6A-4F01-90CA-515607C28B99}
		{7A378D7E-0C44-4D6E-A2DE-8E61DD208891} = {BA92E89C-4D73-4C99-939F-D2ACAE16624D}
		{6853CB38-6D95-498E-9A3C-155FB5CF4157} = {BA92E89C-4D73-4C99-939F-D2ACAE16624D}
		{B19CE6FE-2D91-4F08-9D74-842709499CD6} = {BA92E89C-4D73-4C99-939F-D2ACAE16624D}
		{7E7C4236-7BDA-470C-A306-003364E767E2} = {831735F1-67AA-4B02-80F2-A87C881F3F96}
		{A332B48A-07CA-48C0-A9B7-7689FDDE1D62} = {E37C5E54-2625-471A-8DFA-E0C7889D3CC2}
		{28F2950A-57EF-43D9-9F97-C3117E18AD6A} = {02EA681E-C7D8-13C7-8484-4AC65E1B71E8}
		{60BC15C6-6396-4800-B6C6-D0021EAC8309} = {02EA681E-C7D8-13C7-8484-4AC65E1B71E8}
		{0207D4C0-FBFC-4C99-8DF1-CB657BF3E7C9} = {02EA681E-C7D8-13C7-8484-4AC65E1B71E8}
		{98244DF5-1A0D-49E8-8970-7D20867F3077} = {B802576E-18CB-41FA-AB36-F1A7A1762555}
		{B802576E-18CB-41FA-AB36-F1A7A1762555} = {02EA681E-C7D8-13C7-8484-4AC65E1B71E8}
		{F5CAAB07-3562-4795-BABF-06BF4CFA2145} = {132C73AA-91FB-47BF-8A36-8C904936AB10}
		{C8C5C346-2940-4108-B0FB-211EEE67C277} = {132C73AA-91FB-47BF-8A36-8C904936AB10}
		{DC56D329-88C5-42AB-B590-8F7AC1AE774E} = {1B6FF04A-78E3-4F8D-BEC0-69C96456572F}
		{1C0AB465-5B48-4760-875C-5724E809AB26} = {1B6FF04A-78E3-4F8D-BEC0-69C96456572F}
		{1D6CF9D2-8960-4DE7-8B82-879C659C70DA} = {02EA681E-C7D8-13C7-8484-4AC65E1B71E8}
	EndGlobalSection
	GlobalSection(ExtensibilityGlobals) = postSolution
		SolutionGuid = {8E9835F7-4B25-4826-B361-1EA8A9D8ACAA}
	EndGlobalSection
EndGlobal
